
Microsoft Visual Studio Solution File, Format Version 12.00
# Visual Studio Version 16
VisualStudioVersion = 16.0.29102.190
MinimumVisualStudioVersion = 10.0.40219.1
Project("{FAE04EC0-301F-11D3-BF4B-00C04F79EFBC}") = "SecondTest", "SecondTest\SecondTest.csproj", "{00B254E1-5080-44D6-8BC9-F4A71AD4BF1C}"
EndProject
Global
	GlobalSection(SolutionConfigurationPlatforms) = preSolution
		Debug|Any CPU = Debug|Any CPU
		Release|Any CPU = Release|Any CPU
	EndGlobalSection
	GlobalSection(ProjectConfigurationPlatforms) = postSolution
		{00B254E1-5080-44D6-8BC9-F4A71AD4BF1C}.Debug|Any CPU.ActiveCfg = Debug|Any CPU
		{00B254E1-5080-44D6-8BC9-F4A71AD4BF1C}.Debug|Any CPU.Build.0 = Debug|Any CPU
		{00B254E1-5080-44D6-8BC9-F4A71AD4BF1C}.Release|Any CPU.ActiveCfg = Release|Any CPU
		{00B254E1-5080-44D6-8BC9-F4A71AD4BF1C}.Release|Any CPU.Build.0 = Release|Any CPU
	EndGlobalSection
	GlobalSection(SolutionProperties) = preSolution
		HideSolutionNode = FALSE
	EndGlobalSection
	GlobalSection(ExtensibilityGlobals) = postSolution
		SolutionGuid = {61201A7C-9F38-4DCC-B514-D6C55EFC286E}
	EndGlobalSection
EndGlobal
